
Microsoft Visual Studio Solution File, Format Version 12.00
# Visual Studio Version 16
VisualStudioVersion = 16.0.31019.35
MinimumVisualStudioVersion = 10.0.40219.1
Project("{FAE04EC0-301F-11D3-BF4B-00C04F79EFBC}") = "Crayon-API", "Crayon-API\Crayon-API.csproj", "{0253654C-9E52-4D2C-9D7C-A89A69DCD907}"
EndProject
Global
	GlobalSection(SolutionConfigurationPlatforms) = preSolution
		Debug|Any CPU = Debug|Any CPU
		Release|Any CPU = Release|Any CPU
	EndGlobalSection
	GlobalSection(ProjectConfigurationPlatforms) = postSolution
		{0253654C-9E52-4D2C-9D7C-A89A69DCD907}.Debug|Any CPU.ActiveCfg = Debug|Any CPU
		{0253654C-9E52-4D2C-9D7C-A89A69DCD907}.Debug|Any CPU.Build.0 = Debug|Any CPU
		{0253654C-9E52-4D2C-9D7C-A89A69DCD907}.Release|Any CPU.ActiveCfg = Release|Any CPU
		{0253654C-9E52-4D2C-9D7C-A89A69DCD907}.Release|Any CPU.Build.0 = Release|Any CPU
	EndGlobalSection
	GlobalSection(SolutionProperties) = preSolution
		HideSolutionNode = FALSE
	EndGlobalSection
	GlobalSection(ExtensibilityGlobals) = postSolution
		SolutionGuid = {29EF0F69-248C-44E0-8342-FAF5C1882D0F}
	EndGlobalSection
EndGlobal
